
Microsoft Visual Studio Solution File, Format Version 12.00
# Visual Studio Version 17
VisualStudioVersion = 17.3.32901.215
MinimumVisualStudioVersion = 10.0.40219.1
Project("{FAE04EC0-301F-11D3-BF4B-00C04F79EFBC}") = "Vista.Api", "Vista.Api\Vista.Api.csproj", "{05B32445-1E3F-4796-85CC-7C5D9F43F13B}"
EndProject
Global
	GlobalSection(SolutionConfigurationPlatforms) = preSolution
		Debug|Any CPU = Debug|Any CPU
		Release|Any CPU = Release|Any CPU
	EndGlobalSection
	GlobalSection(ProjectConfigurationPlatforms) = postSolution
		{05B32445-1E3F-4796-85CC-7C5D9F43F13B}.Debug|Any CPU.ActiveCfg = Debug|Any CPU
		{05B32445-1E3F-4796-85CC-7C5D9F43F13B}.Debug|Any CPU.Build.0 = Debug|Any CPU
		{05B32445-1E3F-4796-85CC-7C5D9F43F13B}.Release|Any CPU.ActiveCfg = Release|Any CPU
		{05B32445-1E3F-4796-85CC-7C5D9F43F13B}.Release|Any CPU.Build.0 = Release|Any CPU
	EndGlobalSection
	GlobalSection(SolutionProperties) = preSolution
		HideSolutionNode = FALSE
	EndGlobalSection
	GlobalSection(ExtensibilityGlobals) = postSolution
		SolutionGuid = {C1F50585-362D-4947-AA02-6D2319E70507}
	EndGlobalSection
EndGlobal
